
Microsoft Visual Studio Solution File, Format Version 12.00
# Visual Studio Version 17
VisualStudioVersion = 17.12.35527.113
MinimumVisualStudioVersion = 10.0.40219.1
Project("{FAE04EC0-301F-11D3-BF4B-00C04F79EFBC}") = "00DemoBasics", "00DemoBasics\00DemoBasics.csproj", "{CE06F7FA-B12A-46F2-92ED-F659C013676F}"
EndProject
Project("{FAE04EC0-301F-11D3-BF4B-00C04F79EFBC}") = "MathLib", "Math\MathLib.csproj", "{41F6EBEA-C3EB-49B6-94D7-B340E1D413FD}"
EndProject
Project("{FAE04EC0-301F-11D3-BF4B-00C04F79EFBC}") = "01DemoBasics", "01DemoBasics\01DemoBasics.csproj", "{0133ED28-BD0B-4BD6-8508-BF109D1A816C}"
EndProject
Global
	GlobalSection(SolutionConfigurationPlatforms) = preSolution
		Debug|Any CPU = Debug|Any CPU
		Release|Any CPU = Release|Any CPU
	EndGlobalSection
	GlobalSection(ProjectConfigurationPlatforms) = postSolution
		{CE06F7FA-B12A-46F2-92ED-F659C013676F}.Debug|Any CPU.ActiveCfg = Debug|Any CPU
		{CE06F7FA-B12A-46F2-92ED-F659C013676F}.Debug|Any CPU.Build.0 = Debug|Any CPU
		{CE06F7FA-B12A-46F2-92ED-F659C013676F}.Release|Any CPU.ActiveCfg = Release|Any CPU
		{CE06F7FA-B12A-46F2-92ED-F659C013676F}.Release|Any CPU.Build.0 = Release|Any CPU
		{41F6EBEA-C3EB-49B6-94D7-B340E1D413FD}.Debug|Any CPU.ActiveCfg = Debug|Any CPU
		{41F6EBEA-C3EB-49B6-94D7-B340E1D413FD}.Debug|Any CPU.Build.0 = Debug|Any CPU
		{41F6EBEA-C3EB-49B6-94D7-B340E1D413FD}.Release|Any CPU.ActiveCfg = Release|Any CPU
		{41F6EBEA-C3EB-49B6-94D7-B340E1D413FD}.Release|Any CPU.Build.0 = Release|Any CPU
		{0133ED28-BD0B-4BD6-8508-BF109D1A816C}.Debug|Any CPU.ActiveCfg = Debug|Any CPU
		{0133ED28-BD0B-4BD6-8508-BF109D1A816C}.Debug|Any CPU.Build.0 = Debug|Any CPU
		{0133ED28-BD0B-4BD6-8508-BF109D1A816C}.Release|Any CPU.ActiveCfg = Release|Any CPU
		{0133ED28-BD0B-4BD6-8508-BF109D1A816C}.Release|Any CPU.Build.0 = Release|Any CPU
	EndGlobalSection
	GlobalSection(SolutionProperties) = preSolution
		HideSolutionNode = FALSE
	EndGlobalSection
EndGlobal
